<?xml version="1.0" encoding="utf-8"?>
<Project ToolsVersion="4.0" xmlns="http://schemas.microsoft.com/developer/msbuild/2003">
  <ItemGroup>
    <ClCompile Include="Src\pch.cpp" />
    <ClCompile Include="Src\AkariRenderer.cpp" />
    <ClCompile Include="Src\Window\WindowsWindow.cpp" />
    <ClCompile Include="Lib\imgui\backends\imgui_impl_dx12.cpp" />
    <ClCompile Include="Lib\imgui\backends\imgui_impl_glfw.cpp" />
    <ClCompile Include="Lib\imgui\backends\imgui_impl_win32.cpp" />
    <ClCompile Include="Lib\imgui\imgui.cpp" />
    <ClCompile Include="Lib\imgui\imgui_demo.cpp" />
    <ClCompile Include="Lib\imgui\imgui_draw.cpp" />
    <ClCompile Include="Lib\imgui\imgui_tables.cpp" />
    <ClCompile Include="Lib\imgui\imgui_widgets.cpp" />
    <ClCompile Include="Lib\imgui\misc\cpp\imgui_stdlib.cpp" />
    <ClCompile Include="Src\Application\Application.cpp" />
    <ClCompile Include="Src\Input\WindowsInput.cpp" />
    <ClCompile Include="Src\Layers\ImGuiLayer.cpp" />
    <ClCompile Include="Src\Layers\Layer.cpp" />
    <ClCompile Include="Src\Timing\DeltaTime.cpp" />
    <ClCompile Include="Src\RHI\Renderer.cpp" />
    <ClCompile Include="Src\RHI\Adapter.cpp" />
    <ClCompile Include="Src\RHI\Buffer.cpp" />
    <ClCompile Include="Src\RHI\ByteAddressBuffer.cpp" />
    <ClCompile Include="Src\RHI\CommandList.cpp" />
    <ClCompile Include="Src\RHI\CommandQueue.cpp" />
    <ClCompile Include="Src\RHI\ConstantBuffer.cpp" />
    <ClCompile Include="Src\RHI\ConstantBufferView.cpp" />
    <ClCompile Include="Src\RHI\DescriptorAllocation.cpp" />
    <ClCompile Include="Src\RHI\DescriptorAllocator.cpp" />
    <ClCompile Include="Src\RHI\DescriptorAllocatorPage.cpp" />
    <ClCompile Include="Src\RHI\Device.cpp" />
    <ClCompile Include="Src\RHI\DynamicDescriptorHeap.cpp" />
    <ClCompile Include="Src\RHI\GenerateMipsPSO.cpp" />
    <ClCompile Include="Src\RHI\IndexBuffer.cpp" />
    <ClCompile Include="Src\RHI\PanoToCubemapPSO.cpp" />
    <ClCompile Include="Src\RHI\PipelineStateObject.cpp" />
    <ClCompile Include="Src\RHI\RenderTarget.cpp" />
    <ClCompile Include="Src\RHI\Resource.cpp" />
    <ClCompile Include="Src\RHI\ResourceStateTracker.cpp" />
    <ClCompile Include="Src\RHI\RootSignature.cpp" />
    <ClCompile Include="Src\RHI\ShaderResourceView.cpp" />
    <ClCompile Include="Src\RHI\StructuredBuffer.cpp" />
    <ClCompile Include="Src\RHI\SwapChain.cpp" />
    <ClCompile Include="Src\RHI\Texture.cpp" />
    <ClCompile Include="Src\RHI\UnorderedAccessView.cpp" />
    <ClCompile Include="Src\RHI\UploadBuffer.cpp" />
    <ClCompile Include="Src\RHI\VertexBuffer.cpp" />
    <ClCompile Include="Src\RHI\VertexTypes.cpp" />
    <ClCompile Include="Src\Layers\LogicLayer.cpp" />
    <ClCompile Include="Src\RenderPipelines\ForwardPipeline.cpp" />
    <ClCompile Include="Src\RenderPipelines\Pass\ForwardOpaquePass.cpp" />
    <ClCompile Include="Src\RenderPipelines\Pass\ShadowPass.cpp" />
    <ClCompile Include="Src\RPI\RenderContext.cpp" />
    <ClCompile Include="Src\RPI\RenderPipeline.cpp" />
    <ClCompile Include="Src\SceneComponents\Camera\Camera.cpp" />
    <ClCompile Include="Src\SceneComponents\Material.cpp" />
    <ClCompile Include="Src\SceneComponents\Mesh.cpp" />
    <ClCompile Include="Src\SceneComponents\Scene.cpp" />
    <ClCompile Include="Src\SceneComponents\ModelNode.cpp" />
    <ClCompile Include="Src\SceneComponents\Model.cpp" />
    <ClCompile Include="Src\SceneComponents\SceneObject.cpp" />
    <ClCompile Include="Src\UUID.cpp" />
    <ClCompile Include="Src\RenderPipelines\Pass\GizmoPass.cpp" />
    <ClCompile Include="Src\RenderPipelines\Pass\GroundGridPass.cpp" />
    <ClCompile Include="Src\RenderPipelines\Pass\SkyBoxPass.cpp" />
    <ClCompile Include="Src\Math\Math.cpp" />
    <ClCompile Include="Src\SceneComponents\Camera\EditorCamera.cpp" />
    <ClCompile Include="Src\RenderPipelines\Pass\ToneMappingPass\ToneMappingParameters.cpp" />
    <ClCompile Include="Src\RenderPipelines\Pass\ToneMappingPass\ToneMappingPass.cpp" />
    <ClCompile Include="Src\RPI\RenderStateObject.cpp" />
    <ClCompile Include="Src\SceneComponents\ModelManager.cpp" />
    <ClCompile Include="Lib\imguizmo\GraphEditor.cpp" />
    <ClCompile Include="Lib\imguizmo\ImCurveEdit.cpp" />
    <ClCompile Include="Lib\imguizmo\ImGradient.cpp" />
    <ClCompile Include="Lib\imguizmo\ImGuizmo.cpp" />
    <ClCompile Include="Lib\imguizmo\ImSequencer.cpp" />
    <ClCompile Include="Src\RenderPipelines\Pass\BloomPass\BloomPass.cpp" />
    <ClCompile Include="Src\RenderPipelines\Pass\BloomPass\BloomParameters.cpp" />
  </ItemGroup>
  <ItemGroup>
    <ClInclude Include="Src\pch.h" />
    <ClInclude Include="Src\d3dx12.h" />
    <ClInclude Include="Src\Events\ApplicationEvent.h" />
    <ClInclude Include="Src\Events\Event.h" />
    <ClInclude Include="Src\Events\KeyEvent.h" />
    <ClInclude Include="Src\Events\MouseEvent.h" />
    <ClInclude Include="Src\KeyCodes.h" />
    <ClInclude Include="Src\Window\Window.h" />
    <ClInclude Include="Src\Window\WindowsWindow.h" />
    <ClInclude Include="Lib\imgui\backends\imgui_impl_dx12.h" />
    <ClInclude Include="Lib\imgui\backends\imgui_impl_glfw.h" />
    <ClInclude Include="Lib\imgui\backends\imgui_impl_win32.h" />
    <ClInclude Include="Lib\imgui\imconfig.h" />
    <ClInclude Include="Lib\imgui\imgui.h" />
    <ClInclude Include="Lib\imgui\imgui_internal.h" />
    <ClInclude Include="Lib\imgui\imstb_rectpack.h" />
    <ClInclude Include="Lib\imgui\imstb_textedit.h" />
    <ClInclude Include="Lib\imgui\imstb_truetype.h" />
    <ClInclude Include="Lib\imgui\misc\cpp\imgui_stdlib.h" />
    <ClInclude Include="Lib\imgui\misc\single_file\imgui_single_file.h" />
    <ClInclude Include="Src\Application\Application.h" />
    <ClInclude Include="Src\Input\Input.h" />
    <ClInclude Include="Src\Layers\ImGuiLayer.h" />
    <ClInclude Include="Src\Layers\Layer.h" />
    <ClInclude Include="Src\Timing\DeltaTime.h" />
    <ClInclude Include="Src\Timing\Timer.h" />
    <ClInclude Include="Src\RHI\Renderer.h" />
    <ClInclude Include="Src\Utils.h" />
    <ClInclude Include="Src\RHI\Adapter.h" />
    <ClInclude Include="Src\RHI\Buffer.h" />
    <ClInclude Include="Src\RHI\ByteAddressBuffer.h" />
    <ClInclude Include="Src\RHI\CommandList.h" />
    <ClInclude Include="Src\RHI\CommandQueue.h" />
    <ClInclude Include="Src\RHI\ConstantBuffer.h" />
    <ClInclude Include="Src\RHI\ConstantBufferView.h" />
    <ClInclude Include="Src\RHI\Defines.h" />
    <ClInclude Include="Src\RHI\DescriptorAllocation.h" />
    <ClInclude Include="Src\RHI\DescriptorAllocator.h" />
    <ClInclude Include="Src\RHI\DescriptorAllocatorPage.h" />
    <ClInclude Include="Src\RHI\Device.h" />
    <ClInclude Include="Src\RHI\DynamicDescriptorHeap.h" />
    <ClInclude Include="Src\RHI\GenerateMipsPSO.h" />
    <ClInclude Include="Src\RHI\IndexBuffer.h" />
    <ClInclude Include="Src\RHI\PanoToCubemapPSO.h" />
    <ClInclude Include="Src\RHI\PipelineStateObject.h" />
    <ClInclude Include="Src\RHI\RenderTarget.h" />
    <ClInclude Include="Src\RHI\Resource.h" />
    <ClInclude Include="Src\RHI\ResourceStateTracker.h" />
    <ClInclude Include="Src\RHI\RootSignature.h" />
    <ClInclude Include="Src\RHI\ShaderResourceView.h" />
    <ClInclude Include="Src\RHI\StructuredBuffer.h" />
    <ClInclude Include="Src\RHI\SwapChain.h" />
    <ClInclude Include="Src\RHI\Texture.h" />
    <ClInclude Include="Src\RHI\ThreadSafeQueue.h" />
    <ClInclude Include="Src\RHI\UnorderedAccessView.h" />
    <ClInclude Include="Src\RHI\UploadBuffer.h" />
    <ClInclude Include="Src\RHI\VertexBuffer.h" />
    <ClInclude Include="Src\RHI\VertexTypes.h" />
    <ClInclude Include="Src\Layers\LogicLayer.h" />
    <ClInclude Include="Src\RenderPipelines\ForwardPipeline.h" />
    <ClInclude Include="Src\RenderPipelines\Pass\ForwardOpaquePass.h" />
    <ClInclude Include="Src\RenderPipelines\Pass\ShadowPass.h" />
    <ClInclude Include="Src\RPI\RenderContext.h" />
    <ClInclude Include="Src\RPI\RenderPass.h" />
    <ClInclude Include="Src\RPI\RenderPipeline.h" />
    <ClInclude Include="Src\SceneComponents\Camera\Camera.h" />
    <ClInclude Include="Src\SceneComponents\Material.h" />
    <ClInclude Include="Src\SceneComponents\Mesh.h" />
    <ClInclude Include="Src\SceneComponents\Scene.h" />
    <ClInclude Include="Src\SceneComponents\ModelNode.h" />
    <ClInclude Include="Src\SceneComponents\Visitor.h" />
    <ClInclude Include="Src\SceneComponents\Model.h" />
    <ClInclude Include="Src\SceneComponents\SceneObject.h" />
    <ClInclude Include="Src\UUID.h" />
    <ClInclude Include="Src\SceneComponents\Components.h" />
    <ClInclude Include="resource.h" />
    <ClInclude Include="Src\RenderPipelines\Pass\GizmoPass.h" />
    <ClInclude Include="Src\RenderPipelines\Pass\GroundGridPass.h" />
    <ClInclude Include="Src\RenderPipelines\Pass\SkyBoxPass.h" />
    <ClInclude Include="Src\Math\Math.h" />
    <ClInclude Include="Src\SceneComponents\Camera\EditorCamera.h" />
    <ClInclude Include="Src\RenderPipelines\Pass\ToneMappingPass\ToneMappingParameters.h" />
    <ClInclude Include="Src\RenderPipelines\Pass\ToneMappingPass\ToneMappingPass.h" />
    <ClInclude Include="Src\RPI\RenderStateObject.h" />
    <ClInclude Include="Src\SceneComponents\ModelManager.h" />
    <ClInclude Include="Lib\imguizmo\GraphEditor.h" />
    <ClInclude Include="Lib\imguizmo\ImCurveEdit.h" />
    <ClInclude Include="Lib\imguizmo\ImGradient.h" />
    <ClInclude Include="Lib\imguizmo\ImGuizmo.h" />
    <ClInclude Include="Lib\imguizmo\ImSequencer.h" />
    <ClInclude Include="Lib\imguizmo\ImZoomSlider.h" />
    <ClInclude Include="Src\SceneComponents\Light.h" />
    <ClInclude Include="Src\RenderPipelines\Pass\BloomPass\BloomParameters.h" />
    <ClInclude Include="Src\RenderPipelines\Pass\BloomPass\BloomPass.h" />
  </ItemGroup>
  <ItemGroup>
    <None Include="packages.config" />
    <None Include="Src\Shaders\Bloom\Bloom.hlsli" />
    <None Include="Src\Shaders\Bloom\Sampling.hlsli" />
  </ItemGroup>
  <ItemGroup>
    <Natvis Include="Lib\imgui\misc\debuggers\imgui.natvis" />
  </ItemGroup>
  <ItemGroup>
    <FxCompile Include="Src\RHI\GenerateMips_CS.hlsl" />
    <FxCompile Include="Src\RHI\PanoToCubemap_CS.hlsl" />
    <FxCompile Include="Src\Shaders\ImGUI_PS.hlsl" />
    <FxCompile Include="Src\Shaders\ImGUI_VS.hlsl" />
    <FxCompile Include="Src\Shaders\GroundGrid_VS.hlsl" />
    <FxCompile Include="Src\Shaders\GroundGrid_PS.hlsl" />
    <FxCompile Include="Src\Shaders\Skybox_VS.hlsl" />
    <FxCompile Include="Src\Shaders\Skybox_PS.hlsl" />
    <FxCompile Include="Src\Shaders\HDRtoSDR_VS.hlsl" />
    <FxCompile Include="Src\Shaders\HDRtoSDR_PS.hlsl" />
    <FxCompile Include="Src\Shaders\Lit_VS.hlsl" />
    <FxCompile Include="Src\Shaders\Lit_PS.hlsl" />
    <FxCompile Include="Src\Shaders\PrefilterEnvMap_CS.hlsl" />
    <FxCompile Include="Src\Shaders\Bloom\Prefilter_CS.hlsl" />
    <FxCompile Include="Src\Shaders\Bloom\Downsample_CS.hlsl" />
    <FxCompile Include="Src\Shaders\Bloom\Upsample_CS.hlsl" />
    <FxCompile Include="Src\Shaders\Bloom\Postfilter_CS.hlsl" />
  </ItemGroup>
  <ItemGroup>
    <ResourceCompile Include="AkariRenderer.rc" />
  </ItemGroup>
  <ItemGroup>
    <Image Include="Res\Icon\icon.ico" />
  </ItemGroup>
</Project>